// !$*UTF8*$!
{
	archiveVersion = 1;
	classes = {
	};
	objectVersion = 50;
	objects = {

/* Begin PBXBuildFile section */
		168909332338DD4D000CCFDD /* AppDelegate.swift in Sources */ = {isa = PBXBuildFile; fileRef = 168909322338DD4D000CCFDD /* AppDelegate.swift */; };
		168909352338DD4D000CCFDD /* SceneDelegate.swift in Sources */ = {isa = PBXBuildFile; fileRef = 168909342338DD4D000CCFDD /* SceneDelegate.swift */; };
		168909372338DD4D000CCFDD /* ContentView.swift in Sources */ = {isa = PBXBuildFile; fileRef = 168909362338DD4D000CCFDD /* ContentView.swift */; };
		168909392338DD50000CCFDD /* Assets.xcassets in Resources */ = {isa = PBXBuildFile; fileRef = 168909382338DD50000CCFDD /* Assets.xcassets */; };
		1689093C2338DD50000CCFDD /* Preview Assets.xcassets in Resources */ = {isa = PBXBuildFile; fileRef = 1689093B2338DD50000CCFDD /* Preview Assets.xcassets */; };
		1689093F2338DD50000CCFDD /* LaunchScreen.storyboard in Resources */ = {isa = PBXBuildFile; fileRef = 1689093D2338DD50000CCFDD /* LaunchScreen.storyboard */; };
		168909532338DFB8000CCFDD /* Components.framework in Frameworks */ = {isa = PBXBuildFile; fileRef = 168909512338DE99000CCFDD /* Components.framework */; };
		168909542338DFB8000CCFDD /* Components.framework in Embed Frameworks */ = {isa = PBXBuildFile; fileRef = 168909512338DE99000CCFDD /* Components.framework */; settings = {ATTRIBUTES = (CodeSignOnCopy, RemoveHeadersOnCopy, ); }; };
		16F5CBE1235E2AF1002BEF98 /* MaoMeiMei.ttf in Resources */ = {isa = PBXBuildFile; fileRef = 16F5CBE0235E2AF1002BEF98 /* MaoMeiMei.ttf */; };
		16F5CBE3235E2B04002BEF98 /* dongrinuanxin.ttf in Resources */ = {isa = PBXBuildFile; fileRef = 16F5CBE2235E2B03002BEF98 /* dongrinuanxin.ttf */; };
/* End PBXBuildFile section */

/* Begin PBXContainerItemProxy section */
		168909502338DE99000CCFDD /* PBXContainerItemProxy */ = {
			isa = PBXContainerItemProxy;
			containerPortal = 1689094C2338DE99000CCFDD /* Components.xcodeproj */;
			proxyType = 2;
			remoteGlobalIDString = 168909192338D461000CCFDD;
			remoteInfo = Components;
		};
/* End PBXContainerItemProxy section */

/* Begin PBXCopyFilesBuildPhase section */
		168909552338DFB8000CCFDD /* Embed Frameworks */ = {
			isa = PBXCopyFilesBuildPhase;
			buildActionMask = 2147483647;
			dstPath = "";
			dstSubfolderSpec = 10;
			files = (
				168909542338DFB8000CCFDD /* Components.framework in Embed Frameworks */,
			);
			name = "Embed Frameworks";
			runOnlyForDeploymentPostprocessing = 0;
		};
/* End PBXCopyFilesBuildPhase section */

/* Begin PBXFileReference section */
		1689092F2338DD4D000CCFDD /* Tracks.app */ = {isa = PBXFileReference; explicitFileType = wrapper.application; includeInIndex = 0; path = Tracks.app; sourceTree = BUILT_PRODUCTS_DIR; };
		168909322338DD4D000CCFDD /* AppDelegate.swift */ = {isa = PBXFileReference; lastKnownFileType = sourcecode.swift; path = AppDelegate.swift; sourceTree = "<group>"; };
		168909342338DD4D000CCFDD /* SceneDelegate.swift */ = {isa = PBXFileReference; lastKnownFileType = sourcecode.swift; path = SceneDelegate.swift; sourceTree = "<group>"; };
		168909362338DD4D000CCFDD /* ContentView.swift */ = {isa = PBXFileReference; lastKnownFileType = sourcecode.swift; path = ContentView.swift; sourceTree = "<group>"; };
		168909382338DD50000CCFDD /* Assets.xcassets */ = {isa = PBXFileReference; lastKnownFileType = folder.assetcatalog; path = Assets.xcassets; sourceTree = "<group>"; };
		1689093B2338DD50000CCFDD /* Preview Assets.xcassets */ = {isa = PBXFileReference; lastKnownFileType = folder.assetcatalog; path = "Preview Assets.xcassets"; sourceTree = "<group>"; };
		1689093E2338DD50000CCFDD /* Base */ = {isa = PBXFileReference; lastKnownFileType = file.storyboard; name = Base; path = Base.lproj/LaunchScreen.storyboard; sourceTree = "<group>"; };
		168909402338DD50000CCFDD /* Info.plist */ = {isa = PBXFileReference; lastKnownFileType = text.plist.xml; path = Info.plist; sourceTree = "<group>"; };
		1689094C2338DE99000CCFDD /* Components.xcodeproj */ = {isa = PBXFileReference; lastKnownFileType = "wrapper.pb-project"; name = Components.xcodeproj; path = ../Components/Components.xcodeproj; sourceTree = "<group>"; };
		16F5CBE0235E2AF1002BEF98 /* MaoMeiMei.ttf */ = {isa = PBXFileReference; lastKnownFileType = file; path = MaoMeiMei.ttf; sourceTree = "<group>"; };
		16F5CBE2235E2B03002BEF98 /* dongrinuanxin.ttf */ = {isa = PBXFileReference; lastKnownFileType = file; path = dongrinuanxin.ttf; sourceTree = "<group>"; };
/* End PBXFileReference section */

/* Begin PBXFrameworksBuildPhase section */
		1689092C2338DD4D000CCFDD /* Frameworks */ = {
			isa = PBXFrameworksBuildPhase;
			buildActionMask = 2147483647;
			files = (
				168909532338DFB8000CCFDD /* Components.framework in Frameworks */,
			);
			runOnlyForDeploymentPostprocessing = 0;
		};
/* End PBXFrameworksBuildPhase section */

/* Begin PBXGroup section */
		168909262338DD4D000CCFDD = {
			isa = PBXGroup;
			children = (
				1689094C2338DE99000CCFDD /* Components.xcodeproj */,
				168909312338DD4D000CCFDD /* Tracks */,
				168909302338DD4D000CCFDD /* Products */,
				168909522338DFB8000CCFDD /* Frameworks */,
			);
			sourceTree = "<group>";
		};
		168909302338DD4D000CCFDD /* Products */ = {
			isa = PBXGroup;
			children = (
				1689092F2338DD4D000CCFDD /* Tracks.app */,
			);
			name = Products;
			sourceTree = "<group>";
		};
		168909312338DD4D000CCFDD /* Tracks */ = {
			isa = PBXGroup;
			children = (
				16F5CBE2235E2B03002BEF98 /* dongrinuanxin.ttf */,
				16F5CBE0235E2AF1002BEF98 /* MaoMeiMei.ttf */,
				168909322338DD4D000CCFDD /* AppDelegate.swift */,
				168909342338DD4D000CCFDD /* SceneDelegate.swift */,
				168909362338DD4D000CCFDD /* ContentView.swift */,
				168909382338DD50000CCFDD /* Assets.xcassets */,
				1689093D2338DD50000CCFDD /* LaunchScreen.storyboard */,
				168909402338DD50000CCFDD /* Info.plist */,
				1689093A2338DD50000CCFDD /* Preview Content */,
			);
			path = Tracks;
			sourceTree = "<group>";
		};
		1689093A2338DD50000CCFDD /* Preview Content */ = {
			isa = PBXGroup;
			children = (
				1689093B2338DD50000CCFDD /* Preview Assets.xcassets */,
			);
			path = "Preview Content";
			sourceTree = "<group>";
		};
		1689094D2338DE99000CCFDD /* Products */ = {
			isa = PBXGroup;
			children = (
				168909512338DE99000CCFDD /* Components.framework */,
			);
			name = Products;
			sourceTree = "<group>";
		};
		168909522338DFB8000CCFDD /* Frameworks */ = {
			isa = PBXGroup;
			children = (
			);
			name = Frameworks;
			sourceTree = "<group>";
		};
/* End PBXGroup section */

/* Begin PBXNativeTarget section */
		1689092E2338DD4D000CCFDD /* Tracks */ = {
			isa = PBXNativeTarget;
			buildConfigurationList = 168909432338DD50000CCFDD /* Build configuration list for PBXNativeTarget "Tracks" */;
			buildPhases = (
				1689092B2338DD4D000CCFDD /* Sources */,
				1689092C2338DD4D000CCFDD /* Frameworks */,
				1689092D2338DD4D000CCFDD /* Resources */,
				168909552338DFB8000CCFDD /* Embed Frameworks */,
			);
			buildRules = (
			);
			dependencies = (
			);
			name = Tracks;
			productName = Tracks;
			productReference = 1689092F2338DD4D000CCFDD /* Tracks.app */;
			productType = "com.apple.product-type.application";
		};
/* End PBXNativeTarget section */

/* Begin PBXProject section */
		168909272338DD4D000CCFDD /* Project object */ = {
			isa = PBXProject;
			attributes = {
				LastSwiftUpdateCheck = 1100;
				LastUpgradeCheck = 1100;
				ORGANIZATIONNAME = Humlan;
				TargetAttributes = {
					1689092E2338DD4D000CCFDD = {
						CreatedOnToolsVersion = 11.0;
					};
				};
			};
			buildConfigurationList = 1689092A2338DD4D000CCFDD /* Build configuration list for PBXProject "Tracks" */;
			compatibilityVersion = "Xcode 9.3";
			developmentRegion = en;
			hasScannedForEncodings = 0;
			knownRegions = (
				en,
				Base,
			);
			mainGroup = 168909262338DD4D000CCFDD;
			productRefGroup = 168909302338DD4D000CCFDD /* Products */;
			projectDirPath = "";
			projectReferences = (
				{
					ProductGroup = 1689094D2338DE99000CCFDD /* Products */;
					ProjectRef = 1689094C2338DE99000CCFDD /* Components.xcodeproj */;
				},
			);
			projectRoot = "";
			targets = (
				1689092E2338DD4D000CCFDD /* Tracks */,
			);
		};
/* End PBXProject section */

/* Begin PBXReferenceProxy section */
		168909512338DE99000CCFDD /* Components.framework */ = {
			isa = PBXReferenceProxy;
			fileType = wrapper.framework;
			path = Components.framework;
			remoteRef = 168909502338DE99000CCFDD /* PBXContainerItemProxy */;
			sourceTree = BUILT_PRODUCTS_DIR;
		};
/* End PBXReferenceProxy section */

/* Begin PBXResourcesBuildPhase section */
		1689092D2338DD4D000CCFDD /* Resources */ = {
			isa = PBXResourcesBuildPhase;
			buildActionMask = 2147483647;
			files = (
				16F5CBE1235E2AF1002BEF98 /* MaoMeiMei.ttf in Resources */,
				1689093F2338DD50000CCFDD /* LaunchScreen.storyboard in Resources */,
				1689093C2338DD50000CCFDD /* Preview Assets.xcassets in Resources */,
				16F5CBE3235E2B04002BEF98 /* dongrinuanxin.ttf in Resources */,
				168909392338DD50000CCFDD /* Assets.xcassets in Resources */,
			);
			runOnlyForDeploymentPostprocessing = 0;
		};
/* End PBXResourcesBuildPhase section */

/* Begin PBXSourcesBuildPhase section */
		1689092B2338DD4D000CCFDD /* Sources */ = {
			isa = PBXSourcesBuildPhase;
			buildActionMask = 2147483647;
			files = (
				168909332338DD4D000CCFDD /* AppDelegate.swift in Sources */,
				168909352338DD4D000CCFDD /* SceneDelegate.swift in Sources */,
				168909372338DD4D000CCFDD /* ContentView.swift in Sources */,
			);
			runOnlyForDeploymentPostprocessing = 0;
		};
/* End PBXSourcesBuildPhase section */

/* Begin PBXVariantGroup section */
		1689093D2338DD50000CCFDD /* LaunchScreen.storyboard */ = {
			isa = PBXVariantGroup;
			children = (
				1689093E2338DD50000CCFDD /* Base */,
			);
			name = LaunchScreen.storyboard;
			sourceTree = "<group>";
		};
/* End PBXVariantGroup section */

/* Begin XCBuildConfiguration section */
		168909412338DD50000CCFDD /* Debug */ = {
			isa = XCBuildConfiguration;
			buildSettings = {
				ALWAYS_SEARCH_USER_PATHS = NO;
				CLANG_ANALYZER_NONNULL = YES;
				CLANG_ANALYZER_NUMBER_OBJECT_CONVERSION = YES_AGGRESSIVE;
				CLANG_CXX_LANGUAGE_STANDARD = "gnu++14";
				CLANG_CXX_LIBRARY = "libc++";
				CLANG_ENABLE_MODULES = YES;
				CLANG_ENABLE_OBJC_ARC = YES;
				CLANG_ENABLE_OBJC_WEAK = YES;
				CLANG_WARN_BLOCK_CAPTURE_AUTORELEASING = YES;
				CLANG_WARN_BOOL_CONVERSION = YES;
				CLANG_WARN_COMMA = YES;
				CLANG_WARN_CONSTANT_CONVERSION = YES;
				CLANG_WARN_DEPRECATED_OBJC_IMPLEMENTATIONS = YES;
				CLANG_WARN_DIRECT_OBJC_ISA_USAGE = YES_ERROR;
				CLANG_WARN_DOCUMENTATION_COMMENTS = YES;
				CLANG_WARN_EMPTY_BODY = YES;
				CLANG_WARN_ENUM_CONVERSION = YES;
				CLANG_WARN_INFINITE_RECURSION = YES;
				CLANG_WARN_INT_CONVERSION = YES;
				CLANG_WARN_NON_LITERAL_NULL_CONVERSION = YES;
				CLANG_WARN_OBJC_IMPLICIT_RETAIN_SELF = YES;
				CLANG_WARN_OBJC_LITERAL_CONVERSION = YES;
				CLANG_WARN_OBJC_ROOT_CLASS = YES_ERROR;
				CLANG_WARN_RANGE_LOOP_ANALYSIS = YES;
				CLANG_WARN_STRICT_PROTOTYPES = YES;
				CLANG_WARN_SUSPICIOUS_MOVE = YES;
				CLANG_WARN_UNGUARDED_AVAILABILITY = YES_AGGRESSIVE;
				CLANG_WARN_UNREACHABLE_CODE = YES;
				CLANG_WARN__DUPLICATE_METHOD_MATCH = YES;
				COPY_PHASE_STRIP = NO;
				DEBUG_INFORMATION_FORMAT = dwarf;
				ENABLE_STRICT_OBJC_MSGSEND = YES;
				ENABLE_TESTABILITY = YES;
				GCC_C_LANGUAGE_STANDARD = gnu11;
				GCC_DYNAMIC_NO_PIC = NO;
				GCC_NO_COMMON_BLOCKS = YES;
				GCC_OPTIMIZATION_LEVEL = 0;
				GCC_PREPROCESSOR_DEFINITIONS = (
					"DEBUG=1",
					"$(inherited)",
				);
				GCC_WARN_64_TO_32_BIT_CONVERSION = YES;
				GCC_WARN_ABOUT_RETURN_TYPE = YES_ERROR;
				GCC_WARN_UNDECLARED_SELECTOR = YES;
				GCC_WARN_UNINITIALIZED_AUTOS = YES_AGGRESSIVE;
				GCC_WARN_UNUSED_FUNCTION = YES;
				GCC_WARN_UNUSED_VARIABLE = YES;
				IPHONEOS_DEPLOYMENT_TARGET = 13.0;
				MTL_ENABLE_DEBUG_INFO = INCLUDE_SOURCE;
				MTL_FAST_MATH = YES;
				ONLY_ACTIVE_ARCH = YES;
				SDKROOT = iphoneos;
				SWIFT_ACTIVE_COMPILATION_CONDITIONS = DEBUG;
				SWIFT_OPTIMIZATION_LEVEL = "-Onone";
			};
			name = Debug;
		};
		168909422338DD50000CCFDD /* Release */ = {
			isa = XCBuildConfiguration;
			buildSettings = {
				ALWAYS_SEARCH_USER_PATHS = NO;
				CLANG_ANALYZER_NONNULL = YES;
				CLANG_ANALYZER_NUMBER_OBJECT_CONVERSION = YES_AGGRESSIVE;
				CLANG_CXX_LANGUAGE_STANDARD = "gnu++14";
				CLANG_CXX_LIBRARY = "libc++";
				CLANG_ENABLE_MODULES = YES;
				CLANG_ENABLE_OBJC_ARC = YES;
				CLANG_ENABLE_OBJC_WEAK = YES;
				CLANG_WARN_BLOCK_CAPTURE_AUTORELEASING = YES;
				CLANG_WARN_BOOL_CONVERSION = YES;
				CLANG_WARN_COMMA = YES;
				CLANG_WARN_CONSTANT_CONVERSION = YES;
				CLANG_WARN_DEPRECATED_OBJC_IMPLEMENTATIONS = YES;
				CLANG_WARN_DIRECT_OBJC_ISA_USAGE = YES_ERROR;
				CLANG_WARN_DOCUMENTATION_COMMENTS = YES;
				CLANG_WARN_EMPTY_BODY = YES;
				CLANG_WARN_ENUM_CONVERSION = YES;
				CLANG_WARN_INFINITE_RECURSION = YES;
				CLANG_WARN_INT_CONVERSION = YES;
				CLANG_WARN_NON_LITERAL_NULL_CONVERSION = YES;
				CLANG_WARN_OBJC_IMPLICIT_RETAIN_SELF = YES;
				CLANG_WARN_OBJC_LITERAL_CONVERSION = YES;
				CLANG_WARN_OBJC_ROOT_CLASS = YES_ERROR;
				CLANG_WARN_RANGE_LOOP_ANALYSIS = YES;
				CLANG_WARN_STRICT_PROTOTYPES = YES;
				CLANG_WARN_SUSPICIOUS_MOVE = YES;
				CLANG_WARN_UNGUARDED_AVAILABILITY = YES_AGGRESSIVE;
				CLANG_WARN_UNREACHABLE_CODE = YES;
				CLANG_WARN__DUPLICATE_METHOD_MATCH = YES;
				COPY_PHASE_STRIP = NO;
				DEBUG_INFORMATION_FORMAT = "dwarf-with-dsym";
				ENABLE_NS_ASSERTIONS = NO;
				ENABLE_STRICT_OBJC_MSGSEND = YES;
				GCC_C_LANGUAGE_STANDARD = gnu11;
				GCC_NO_COMMON_BLOCKS = YES;
				GCC_WARN_64_TO_32_BIT_CONVERSION = YES;
				GCC_WARN_ABOUT_RETURN_TYPE = YES_ERROR;
				GCC_WARN_UNDECLARED_SELECTOR = YES;
				GCC_WARN_UNINITIALIZED_AUTOS = YES_AGGRESSIVE;
				GCC_WARN_UNUSED_FUNCTION = YES;
				GCC_WARN_UNUSED_VARIABLE = YES;
				IPHONEOS_DEPLOYMENT_TARGET = 13.0;
				MTL_ENABLE_DEBUG_INFO = NO;
				MTL_FAST_MATH = YES;
				SDKROOT = iphoneos;
				SWIFT_COMPILATION_MODE = wholemodule;
				SWIFT_OPTIMIZATION_LEVEL = "-O";
				VALIDATE_PRODUCT = YES;
			};
			name = Release;
		};
		168909442338DD50000CCFDD /* Debug */ = {
			isa = XCBuildConfiguration;
			buildSettings = {
				ASSETCATALOG_COMPILER_APPICON_NAME = AppIcon;
				CODE_SIGN_STYLE = Automatic;
				DEVELOPMENT_ASSET_PATHS = "\"Tracks/Preview Content\"";
				ENABLE_PREVIEWS = YES;
				INFOPLIST_FILE = Tracks/Info.plist;
				LD_RUNPATH_SEARCH_PATHS = (
					"$(inherited)",
					"@executable_path/Frameworks",
				);
				PRODUCT_BUNDLE_IDENTIFIER = com.humlan.components.Tracks;
				PRODUCT_NAME = "$(TARGET_NAME)";
				SWIFT_VERSION = 5.0;
				TARGETED_DEVICE_FAMILY = "1,2";
			};
			name = Debug;
		};
		168909452338DD50000CCFDD /* Release */ = {
			isa = XCBuildConfiguration;
			buildSettings = {
				ASSETCATALOG_COMPILER_APPICON_NAME = AppIcon;
				CODE_SIGN_STYLE = Automatic;
				DEVELOPMENT_ASSET_PATHS = "\"Tracks/Preview Content\"";
				ENABLE_PREVIEWS = YES;
				INFOPLIST_FILE = Tracks/Info.plist;
				LD_RUNPATH_SEARCH_PATHS = (
					"$(inherited)",
					"@executable_path/Frameworks",
				);
				PRODUCT_BUNDLE_IDENTIFIER = com.humlan.components.Tracks;
				PRODUCT_NAME = "$(TARGET_NAME)";
				SWIFT_VERSION = 5.0;
				TARGETED_DEVICE_FAMILY = "1,2";
			};
			name = Release;
		};
/* End XCBuildConfiguration section */

/* Begin XCConfigurationList section */
		1689092A2338DD4D000CCFDD /* Build configuration list for PBXProject "Tracks" */ = {
			isa = XCConfigurationList;
			buildConfigurations = (
				168909412338DD50000CCFDD /* Debug */,
				168909422338DD50000CCFDD /* Release */,
			);
			defaultConfigurationIsVisible = 0;
			defaultConfigurationName = Release;
		};
		168909432338DD50000CCFDD /* Build configuration list for PBXNativeTarget "Tracks" */ = {
			isa = XCConfigurationList;
			buildConfigurations = (
				168909442338DD50000CCFDD /* Debug */,
				168909452338DD50000CCFDD /* Release */,
			);
			defaultConfigurationIsVisible = 0;
			defaultConfigurationName = Release;
		};
/* End XCConfigurationList section */
	};
	rootObject = 168909272338DD4D000CCFDD /* Project object */;
}
